// !$*UTF8*$!
{
	archiveVersion = 1;
	classes = {
	};
	objectVersion = 46;
	objects = {

/* Begin PBXBuildFile section */
		78617C321E3F434A00CEC368 /* AppDelegate.swift in Sources */ = {isa = PBXBuildFile; fileRef = 78617C311E3F434A00CEC368 /* AppDelegate.swift */; };
		78617C341E3F434A00CEC368 /* ViewController.swift in Sources */ = {isa = PBXBuildFile; fileRef = 78617C331E3F434A00CEC368 /* ViewController.swift */; };
		78617C371E3F434A00CEC368 /* Main.storyboard in Resources */ = {isa = PBXBuildFile; fileRef = 78617C351E3F434A00CEC368 /* Main.storyboard */; };
		78617C391E3F434A00CEC368 /* Assets.xcassets in Resources */ = {isa = PBXBuildFile; fileRef = 78617C381E3F434A00CEC368 /* Assets.xcassets */; };
		78617C3C1E3F434A00CEC368 /* LaunchScreen.storyboard in Resources */ = {isa = PBXBuildFile; fileRef = 78617C3A1E3F434A00CEC368 /* LaunchScreen.storyboard */; };
		78617C471E3F434B00CEC368 /* SHRichTextEditorTests.swift in Sources */ = {isa = PBXBuildFile; fileRef = 78617C461E3F434B00CEC368 /* SHRichTextEditorTests.swift */; };
		78617C521E3F434B00CEC368 /* SHRichTextEditorUITests.swift in Sources */ = {isa = PBXBuildFile; fileRef = 78617C511E3F434B00CEC368 /* SHRichTextEditorUITests.swift */; };
		78617C601E3F44D800CEC368 /* SHRichTextEditor.swift in Sources */ = {isa = PBXBuildFile; fileRef = 78617C5F1E3F44D800CEC368 /* SHRichTextEditor.swift */; };
		78617C631E3F46B100CEC368 /* ToolbarItem.swift in Sources */ = {isa = PBXBuildFile; fileRef = 78617C621E3F46B100CEC368 /* ToolbarItem.swift */; };
		78617C651E3F4BD100CEC368 /* NSAttributedString+Helper.swift in Sources */ = {isa = PBXBuildFile; fileRef = 78617C641E3F4BD100CEC368 /* NSAttributedString+Helper.swift */; };
		78DBEAAA1E408EA600F26A31 /* UITextView+IndentationHelper.swift in Sources */ = {isa = PBXBuildFile; fileRef = 78DBEAA91E408EA600F26A31 /* UITextView+IndentationHelper.swift */; };
		78DBEAAC1E4091BB00F26A31 /* UITextView+ImageHelper.swift in Sources */ = {isa = PBXBuildFile; fileRef = 78DBEAAB1E4091BB00F26A31 /* UITextView+ImageHelper.swift */; };
		78DBEAAE1E409A8C00F26A31 /* UITextView+LinkHelper.swift in Sources */ = {isa = PBXBuildFile; fileRef = 78DBEAAD1E409A8C00F26A31 /* UITextView+LinkHelper.swift */; };
		78DBEAB31E41BE7800F26A31 /* RichTextToolbar.swift in Sources */ = {isa = PBXBuildFile; fileRef = 78DBEAB11E41BE7800F26A31 /* RichTextToolbar.swift */; };
		78DBEAB41E41BE7800F26A31 /* RichTextToolbar.xib in Resources */ = {isa = PBXBuildFile; fileRef = 78DBEAB21E41BE7800F26A31 /* RichTextToolbar.xib */; };
		78DBEAB61E41C0F900F26A31 /* UIFont+SymbolicTraits.swift in Sources */ = {isa = PBXBuildFile; fileRef = 78DBEAB51E41C0F900F26A31 /* UIFont+SymbolicTraits.swift */; };
		78DBEABA1E41C63E00F26A31 /* ImageBorderView.swift in Sources */ = {isa = PBXBuildFile; fileRef = 78DBEAB81E41C63E00F26A31 /* ImageBorderView.swift */; };
		78DBEABB1E41C63E00F26A31 /* ImageBorderView.xib in Resources */ = {isa = PBXBuildFile; fileRef = 78DBEAB91E41C63E00F26A31 /* ImageBorderView.xib */; };
		78DBEABF1E41C98600F26A31 /* CameraInputView.swift in Sources */ = {isa = PBXBuildFile; fileRef = 78DBEABD1E41C98600F26A31 /* CameraInputView.swift */; };
		78DBEAC01E41C98600F26A31 /* CameraInputView.xib in Resources */ = {isa = PBXBuildFile; fileRef = 78DBEABE1E41C98600F26A31 /* CameraInputView.xib */; };
		78DBEAC41E41C9C100F26A31 /* ImagePickerManager.swift in Sources */ = {isa = PBXBuildFile; fileRef = 78DBEAC11E41C9C100F26A31 /* ImagePickerManager.swift */; };
		78DBEAC51E41C9C100F26A31 /* OverlayView.swift in Sources */ = {isa = PBXBuildFile; fileRef = 78DBEAC21E41C9C100F26A31 /* OverlayView.swift */; };
		78DBEAC61E41C9C100F26A31 /* OverlayView.xib in Resources */ = {isa = PBXBuildFile; fileRef = 78DBEAC31E41C9C100F26A31 /* OverlayView.xib */; };
		78DBEAC81E41CBA300F26A31 /* UIViewController+Helper.swift in Sources */ = {isa = PBXBuildFile; fileRef = 78DBEAC71E41CBA300F26A31 /* UIViewController+Helper.swift */; };
/* End PBXBuildFile section */

/* Begin PBXContainerItemProxy section */
		78617C431E3F434B00CEC368 /* PBXContainerItemProxy */ = {
			isa = PBXContainerItemProxy;
			containerPortal = 78617C261E3F434A00CEC368 /* Project object */;
			proxyType = 1;
			remoteGlobalIDString = 78617C2D1E3F434A00CEC368;
			remoteInfo = SHRichTextEditor;
		};
		78617C4E1E3F434B00CEC368 /* PBXContainerItemProxy */ = {
			isa = PBXContainerItemProxy;
			containerPortal = 78617C261E3F434A00CEC368 /* Project object */;
			proxyType = 1;
			remoteGlobalIDString = 78617C2D1E3F434A00CEC368;
			remoteInfo = SHRichTextEditor;
		};
/* End PBXContainerItemProxy section */

/* Begin PBXFileReference section */
		78617C2E1E3F434A00CEC368 /* SHRichTextEditor.app */ = {isa = PBXFileReference; explicitFileType = wrapper.application; includeInIndex = 0; path = SHRichTextEditor.app; sourceTree = BUILT_PRODUCTS_DIR; };
		78617C311E3F434A00CEC368 /* AppDelegate.swift */ = {isa = PBXFileReference; lastKnownFileType = sourcecode.swift; path = AppDelegate.swift; sourceTree = "<group>"; };
		78617C331E3F434A00CEC368 /* ViewController.swift */ = {isa = PBXFileReference; lastKnownFileType = sourcecode.swift; path = ViewController.swift; sourceTree = "<group>"; };
		78617C361E3F434A00CEC368 /* Base */ = {isa = PBXFileReference; lastKnownFileType = file.storyboard; name = Base; path = Base.lproj/Main.storyboard; sourceTree = "<group>"; };
		78617C381E3F434A00CEC368 /* Assets.xcassets */ = {isa = PBXFileReference; lastKnownFileType = folder.assetcatalog; path = Assets.xcassets; sourceTree = "<group>"; };
		78617C3B1E3F434A00CEC368 /* Base */ = {isa = PBXFileReference; lastKnownFileType = file.storyboard; name = Base; path = Base.lproj/LaunchScreen.storyboard; sourceTree = "<group>"; };
		78617C3D1E3F434A00CEC368 /* Info.plist */ = {isa = PBXFileReference; lastKnownFileType = text.plist.xml; path = Info.plist; sourceTree = "<group>"; };
		78617C421E3F434B00CEC368 /* SHRichTextEditorTests.xctest */ = {isa = PBXFileReference; explicitFileType = wrapper.cfbundle; includeInIndex = 0; path = SHRichTextEditorTests.xctest; sourceTree = BUILT_PRODUCTS_DIR; };
		78617C461E3F434B00CEC368 /* SHRichTextEditorTests.swift */ = {isa = PBXFileReference; lastKnownFileType = sourcecode.swift; path = SHRichTextEditorTests.swift; sourceTree = "<group>"; };
		78617C481E3F434B00CEC368 /* Info.plist */ = {isa = PBXFileReference; lastKnownFileType = text.plist.xml; path = Info.plist; sourceTree = "<group>"; };
		78617C4D1E3F434B00CEC368 /* SHRichTextEditorUITests.xctest */ = {isa = PBXFileReference; explicitFileType = wrapper.cfbundle; includeInIndex = 0; path = SHRichTextEditorUITests.xctest; sourceTree = BUILT_PRODUCTS_DIR; };
		78617C511E3F434B00CEC368 /* SHRichTextEditorUITests.swift */ = {isa = PBXFileReference; lastKnownFileType = sourcecode.swift; path = SHRichTextEditorUITests.swift; sourceTree = "<group>"; };
		78617C531E3F434B00CEC368 /* Info.plist */ = {isa = PBXFileReference; lastKnownFileType = text.plist.xml; path = Info.plist; sourceTree = "<group>"; };
		78617C5F1E3F44D800CEC368 /* SHRichTextEditor.swift */ = {isa = PBXFileReference; fileEncoding = 4; lastKnownFileType = sourcecode.swift; name = SHRichTextEditor.swift; path = Source/SHRichTextEditor.swift; sourceTree = "<group>"; };
		78617C621E3F46B100CEC368 /* ToolbarItem.swift */ = {isa = PBXFileReference; fileEncoding = 4; lastKnownFileType = sourcecode.swift; name = ToolbarItem.swift; path = Source/ToolbarItem.swift; sourceTree = "<group>"; };
		78617C641E3F4BD100CEC368 /* NSAttributedString+Helper.swift */ = {isa = PBXFileReference; fileEncoding = 4; lastKnownFileType = sourcecode.swift; name = "NSAttributedString+Helper.swift"; path = "Source/NSAttributedString+Helper.swift"; sourceTree = "<group>"; };
		78DBEAA91E408EA600F26A31 /* UITextView+IndentationHelper.swift */ = {isa = PBXFileReference; fileEncoding = 4; lastKnownFileType = sourcecode.swift; name = "UITextView+IndentationHelper.swift"; path = "Source/UITextView+IndentationHelper.swift"; sourceTree = "<group>"; };
		78DBEAAB1E4091BB00F26A31 /* UITextView+ImageHelper.swift */ = {isa = PBXFileReference; fileEncoding = 4; lastKnownFileType = sourcecode.swift; name = "UITextView+ImageHelper.swift"; path = "Source/UITextView+ImageHelper.swift"; sourceTree = "<group>"; };
		78DBEAAD1E409A8C00F26A31 /* UITextView+LinkHelper.swift */ = {isa = PBXFileReference; fileEncoding = 4; lastKnownFileType = sourcecode.swift; name = "UITextView+LinkHelper.swift"; path = "Source/UITextView+LinkHelper.swift"; sourceTree = "<group>"; };
		78DBEAB11E41BE7800F26A31 /* RichTextToolbar.swift */ = {isa = PBXFileReference; fileEncoding = 4; lastKnownFileType = sourcecode.swift; name = RichTextToolbar.swift; path = Source/RichTextToolbar.swift; sourceTree = "<group>"; };
		78DBEAB21E41BE7800F26A31 /* RichTextToolbar.xib */ = {isa = PBXFileReference; fileEncoding = 4; lastKnownFileType = file.xib; name = RichTextToolbar.xib; path = Source/RichTextToolbar.xib; sourceTree = "<group>"; };
		78DBEAB51E41C0F900F26A31 /* UIFont+SymbolicTraits.swift */ = {isa = PBXFileReference; fileEncoding = 4; lastKnownFileType = sourcecode.swift; name = "UIFont+SymbolicTraits.swift"; path = "Source/UIFont+SymbolicTraits.swift"; sourceTree = "<group>"; };
		78DBEAB81E41C63E00F26A31 /* ImageBorderView.swift */ = {isa = PBXFileReference; fileEncoding = 4; lastKnownFileType = sourcecode.swift; name = ImageBorderView.swift; path = Source/ImageBorderView.swift; sourceTree = "<group>"; };
		78DBEAB91E41C63E00F26A31 /* ImageBorderView.xib */ = {isa = PBXFileReference; fileEncoding = 4; lastKnownFileType = file.xib; name = ImageBorderView.xib; path = Source/ImageBorderView.xib; sourceTree = "<group>"; };
		78DBEABD1E41C98600F26A31 /* CameraInputView.swift */ = {isa = PBXFileReference; fileEncoding = 4; lastKnownFileType = sourcecode.swift; name = CameraInputView.swift; path = Source/CameraInputView.swift; sourceTree = "<group>"; };
		78DBEABE1E41C98600F26A31 /* CameraInputView.xib */ = {isa = PBXFileReference; fileEncoding = 4; lastKnownFileType = file.xib; name = CameraInputView.xib; path = Source/CameraInputView.xib; sourceTree = "<group>"; };
		78DBEAC11E41C9C100F26A31 /* ImagePickerManager.swift */ = {isa = PBXFileReference; fileEncoding = 4; lastKnownFileType = sourcecode.swift; name = ImagePickerManager.swift; path = Source/ImagePickerManager/ImagePickerManager.swift; sourceTree = "<group>"; };
		78DBEAC21E41C9C100F26A31 /* OverlayView.swift */ = {isa = PBXFileReference; fileEncoding = 4; lastKnownFileType = sourcecode.swift; name = OverlayView.swift; path = Source/ImagePickerManager/OverlayView.swift; sourceTree = "<group>"; };
		78DBEAC31E41C9C100F26A31 /* OverlayView.xib */ = {isa = PBXFileReference; fileEncoding = 4; lastKnownFileType = file.xib; name = OverlayView.xib; path = Source/ImagePickerManager/OverlayView.xib; sourceTree = "<group>"; };
		78DBEAC71E41CBA300F26A31 /* UIViewController+Helper.swift */ = {isa = PBXFileReference; fileEncoding = 4; lastKnownFileType = sourcecode.swift; name = "UIViewController+Helper.swift"; path = "Source/UIViewController+Helper.swift"; sourceTree = "<group>"; };
/* End PBXFileReference section */

/* Begin PBXFrameworksBuildPhase section */
		78617C2B1E3F434A00CEC368 /* Frameworks */ = {
			isa = PBXFrameworksBuildPhase;
			buildActionMask = 2147483647;
			files = (
			);
			runOnlyForDeploymentPostprocessing = 0;
		};
		78617C3F1E3F434B00CEC368 /* Frameworks */ = {
			isa = PBXFrameworksBuildPhase;
			buildActionMask = 2147483647;
			files = (
			);
			runOnlyForDeploymentPostprocessing = 0;
		};
		78617C4A1E3F434B00CEC368 /* Frameworks */ = {
			isa = PBXFrameworksBuildPhase;
			buildActionMask = 2147483647;
			files = (
			);
			runOnlyForDeploymentPostprocessing = 0;
		};
/* End PBXFrameworksBuildPhase section */

/* Begin PBXGroup section */
		78617C251E3F434A00CEC368 = {
			isa = PBXGroup;
			children = (
				78617C301E3F434A00CEC368 /* SHRichTextEditor */,
				78617C451E3F434B00CEC368 /* SHRichTextEditorTests */,
				78617C501E3F434B00CEC368 /* SHRichTextEditorUITests */,
				78617C2F1E3F434A00CEC368 /* Products */,
			);
			sourceTree = "<group>";
		};
		78617C2F1E3F434A00CEC368 /* Products */ = {
			isa = PBXGroup;
			children = (
				78617C2E1E3F434A00CEC368 /* SHRichTextEditor.app */,
				78617C421E3F434B00CEC368 /* SHRichTextEditorTests.xctest */,
				78617C4D1E3F434B00CEC368 /* SHRichTextEditorUITests.xctest */,
			);
			name = Products;
			sourceTree = "<group>";
		};
		78617C301E3F434A00CEC368 /* SHRichTextEditor */ = {
			isa = PBXGroup;
			children = (
				78617C311E3F434A00CEC368 /* AppDelegate.swift */,
				78617C331E3F434A00CEC368 /* ViewController.swift */,
				78617C351E3F434A00CEC368 /* Main.storyboard */,
				78617C381E3F434A00CEC368 /* Assets.xcassets */,
				78617C3A1E3F434A00CEC368 /* LaunchScreen.storyboard */,
				78617C3D1E3F434A00CEC368 /* Info.plist */,
				78617C611E3F467D00CEC368 /* Source */,
			);
			path = SHRichTextEditor;
			sourceTree = "<group>";
		};
		78617C451E3F434B00CEC368 /* SHRichTextEditorTests */ = {
			isa = PBXGroup;
			children = (
				78617C461E3F434B00CEC368 /* SHRichTextEditorTests.swift */,
				78617C481E3F434B00CEC368 /* Info.plist */,
			);
			path = SHRichTextEditorTests;
			sourceTree = "<group>";
		};
		78617C501E3F434B00CEC368 /* SHRichTextEditorUITests */ = {
			isa = PBXGroup;
			children = (
				78617C511E3F434B00CEC368 /* SHRichTextEditorUITests.swift */,
				78617C531E3F434B00CEC368 /* Info.plist */,
			);
			path = SHRichTextEditorUITests;
			sourceTree = "<group>";
		};
		78617C611E3F467D00CEC368 /* Source */ = {
			isa = PBXGroup;
			children = (
				78DBEAB71E41C5CF00F26A31 /* Editor */,
				78DBEAC91E41CF8E00F26A31 /* Helpers */,
			);
			name = Source;
			sourceTree = "<group>";
		};
		78DBEAB71E41C5CF00F26A31 /* Editor */ = {
			isa = PBXGroup;
			children = (
				78DBEABC1E41C8D400F26A31 /* ImagePicker */,
				78DBEABD1E41C98600F26A31 /* CameraInputView.swift */,
				78DBEABE1E41C98600F26A31 /* CameraInputView.xib */,
				78DBEAB81E41C63E00F26A31 /* ImageBorderView.swift */,
				78DBEAB91E41C63E00F26A31 /* ImageBorderView.xib */,
				78617C621E3F46B100CEC368 /* ToolbarItem.swift */,
				78DBEAB21E41BE7800F26A31 /* RichTextToolbar.xib */,
				78DBEAB11E41BE7800F26A31 /* RichTextToolbar.swift */,
				78617C5F1E3F44D800CEC368 /* SHRichTextEditor.swift */,
			);
			name = Editor;
			sourceTree = "<group>";
		};
		78DBEABC1E41C8D400F26A31 /* ImagePicker */ = {
			isa = PBXGroup;
			children = (
				78DBEAC11E41C9C100F26A31 /* ImagePickerManager.swift */,
				78DBEAC21E41C9C100F26A31 /* OverlayView.swift */,
				78DBEAC31E41C9C100F26A31 /* OverlayView.xib */,
			);
			name = ImagePicker;
			sourceTree = "<group>";
		};
		78DBEAC91E41CF8E00F26A31 /* Helpers */ = {
			isa = PBXGroup;
			children = (
				78DBEAC71E41CBA300F26A31 /* UIViewController+Helper.swift */,
				78617C641E3F4BD100CEC368 /* NSAttributedString+Helper.swift */,
				78DBEAA91E408EA600F26A31 /* UITextView+IndentationHelper.swift */,
				78DBEAAB1E4091BB00F26A31 /* UITextView+ImageHelper.swift */,
				78DBEAAD1E409A8C00F26A31 /* UITextView+LinkHelper.swift */,
				78DBEAB51E41C0F900F26A31 /* UIFont+SymbolicTraits.swift */,
			);
			name = Helpers;
			sourceTree = "<group>";
		};
/* End PBXGroup section */

/* Begin PBXNativeTarget section */
		78617C2D1E3F434A00CEC368 /* SHRichTextEditor */ = {
			isa = PBXNativeTarget;
			buildConfigurationList = 78617C561E3F434B00CEC368 /* Build configuration list for PBXNativeTarget "SHRichTextEditor" */;
			buildPhases = (
				78617C2A1E3F434A00CEC368 /* Sources */,
				78617C2B1E3F434A00CEC368 /* Frameworks */,
				78617C2C1E3F434A00CEC368 /* Resources */,
			);
			buildRules = (
			);
			dependencies = (
			);
			name = SHRichTextEditor;
			productName = SHRichTextEditor;
			productReference = 78617C2E1E3F434A00CEC368 /* SHRichTextEditor.app */;
			productType = "com.apple.product-type.application";
		};
		78617C411E3F434B00CEC368 /* SHRichTextEditorTests */ = {
			isa = PBXNativeTarget;
			buildConfigurationList = 78617C591E3F434B00CEC368 /* Build configuration list for PBXNativeTarget "SHRichTextEditorTests" */;
			buildPhases = (
				78617C3E1E3F434B00CEC368 /* Sources */,
				78617C3F1E3F434B00CEC368 /* Frameworks */,
				78617C401E3F434B00CEC368 /* Resources */,
			);
			buildRules = (
			);
			dependencies = (
				78617C441E3F434B00CEC368 /* PBXTargetDependency */,
			);
			name = SHRichTextEditorTests;
			productName = SHRichTextEditorTests;
			productReference = 78617C421E3F434B00CEC368 /* SHRichTextEditorTests.xctest */;
			productType = "com.apple.product-type.bundle.unit-test";
		};
		78617C4C1E3F434B00CEC368 /* SHRichTextEditorUITests */ = {
			isa = PBXNativeTarget;
			buildConfigurationList = 78617C5C1E3F434B00CEC368 /* Build configuration list for PBXNativeTarget "SHRichTextEditorUITests" */;
			buildPhases = (
				78617C491E3F434B00CEC368 /* Sources */,
				78617C4A1E3F434B00CEC368 /* Frameworks */,
				78617C4B1E3F434B00CEC368 /* Resources */,
			);
			buildRules = (
			);
			dependencies = (
				78617C4F1E3F434B00CEC368 /* PBXTargetDependency */,
			);
			name = SHRichTextEditorUITests;
			productName = SHRichTextEditorUITests;
			productReference = 78617C4D1E3F434B00CEC368 /* SHRichTextEditorUITests.xctest */;
			productType = "com.apple.product-type.bundle.ui-testing";
		};
/* End PBXNativeTarget section */

/* Begin PBXProject section */
		78617C261E3F434A00CEC368 /* Project object */ = {
			isa = PBXProject;
			attributes = {
				LastSwiftUpdateCheck = 0820;
				LastUpgradeCheck = 0820;
				ORGANIZATIONNAME = hsusmita;
				TargetAttributes = {
					78617C2D1E3F434A00CEC368 = {
						CreatedOnToolsVersion = 8.2.1;
						DevelopmentTeam = HP3Q6K3LF3;
						ProvisioningStyle = Automatic;
					};
					78617C411E3F434B00CEC368 = {
						CreatedOnToolsVersion = 8.2.1;
						DevelopmentTeam = HP3Q6K3LF3;
						ProvisioningStyle = Automatic;
						TestTargetID = 78617C2D1E3F434A00CEC368;
					};
					78617C4C1E3F434B00CEC368 = {
						CreatedOnToolsVersion = 8.2.1;
						DevelopmentTeam = HP3Q6K3LF3;
						ProvisioningStyle = Automatic;
						TestTargetID = 78617C2D1E3F434A00CEC368;
					};
				};
			};
			buildConfigurationList = 78617C291E3F434A00CEC368 /* Build configuration list for PBXProject "SHRichTextEditor" */;
			compatibilityVersion = "Xcode 3.2";
			developmentRegion = English;
			hasScannedForEncodings = 0;
			knownRegions = (
				en,
				Base,
			);
			mainGroup = 78617C251E3F434A00CEC368;
			productRefGroup = 78617C2F1E3F434A00CEC368 /* Products */;
			projectDirPath = "";
			projectRoot = "";
			targets = (
				78617C2D1E3F434A00CEC368 /* SHRichTextEditor */,
				78617C411E3F434B00CEC368 /* SHRichTextEditorTests */,
				78617C4C1E3F434B00CEC368 /* SHRichTextEditorUITests */,
			);
		};
/* End PBXProject section */

/* Begin PBXResourcesBuildPhase section */
		78617C2C1E3F434A00CEC368 /* Resources */ = {
			isa = PBXResourcesBuildPhase;
			buildActionMask = 2147483647;
			files = (
				78DBEAC61E41C9C100F26A31 /* OverlayView.xib in Resources */,
				78DBEAC01E41C98600F26A31 /* CameraInputView.xib in Resources */,
				78617C3C1E3F434A00CEC368 /* LaunchScreen.storyboard in Resources */,
				78617C391E3F434A00CEC368 /* Assets.xcassets in Resources */,
				78DBEABB1E41C63E00F26A31 /* ImageBorderView.xib in Resources */,
				78DBEAB41E41BE7800F26A31 /* RichTextToolbar.xib in Resources */,
				78617C371E3F434A00CEC368 /* Main.storyboard in Resources */,
			);
			runOnlyForDeploymentPostprocessing = 0;
		};
		78617C401E3F434B00CEC368 /* Resources */ = {
			isa = PBXResourcesBuildPhase;
			buildActionMask = 2147483647;
			files = (
			);
			runOnlyForDeploymentPostprocessing = 0;
		};
		78617C4B1E3F434B00CEC368 /* Resources */ = {
			isa = PBXResourcesBuildPhase;
			buildActionMask = 2147483647;
			files = (
			);
			runOnlyForDeploymentPostprocessing = 0;
		};
/* End PBXResourcesBuildPhase section */

/* Begin PBXSourcesBuildPhase section */
		78617C2A1E3F434A00CEC368 /* Sources */ = {
			isa = PBXSourcesBuildPhase;
			buildActionMask = 2147483647;
			files = (
				78DBEAAA1E408EA600F26A31 /* UITextView+IndentationHelper.swift in Sources */,
				78617C341E3F434A00CEC368 /* ViewController.swift in Sources */,
				78617C601E3F44D800CEC368 /* SHRichTextEditor.swift in Sources */,
				78DBEAAC1E4091BB00F26A31 /* UITextView+ImageHelper.swift in Sources */,
				78DBEAB31E41BE7800F26A31 /* RichTextToolbar.swift in Sources */,
				78DBEABF1E41C98600F26A31 /* CameraInputView.swift in Sources */,
				78DBEABA1E41C63E00F26A31 /* ImageBorderView.swift in Sources */,
				78DBEAAE1E409A8C00F26A31 /* UITextView+LinkHelper.swift in Sources */,
				78DBEAC51E41C9C100F26A31 /* OverlayView.swift in Sources */,
				78DBEAC41E41C9C100F26A31 /* ImagePickerManager.swift in Sources */,
				78DBEAC81E41CBA300F26A31 /* UIViewController+Helper.swift in Sources */,
				78617C651E3F4BD100CEC368 /* NSAttributedString+Helper.swift in Sources */,
				78617C631E3F46B100CEC368 /* ToolbarItem.swift in Sources */,
				78617C321E3F434A00CEC368 /* AppDelegate.swift in Sources */,
				78DBEAB61E41C0F900F26A31 /* UIFont+SymbolicTraits.swift in Sources */,
			);
			runOnlyForDeploymentPostprocessing = 0;
		};
		78617C3E1E3F434B00CEC368 /* Sources */ = {
			isa = PBXSourcesBuildPhase;
			buildActionMask = 2147483647;
			files = (
				78617C471E3F434B00CEC368 /* SHRichTextEditorTests.swift in Sources */,
			);
			runOnlyForDeploymentPostprocessing = 0;
		};
		78617C491E3F434B00CEC368 /* Sources */ = {
			isa = PBXSourcesBuildPhase;
			buildActionMask = 2147483647;
			files = (
				78617C521E3F434B00CEC368 /* SHRichTextEditorUITests.swift in Sources */,
			);
			runOnlyForDeploymentPostprocessing = 0;
		};
/* End PBXSourcesBuildPhase section */

/* Begin PBXTargetDependency section */
		78617C441E3F434B00CEC368 /* PBXTargetDependency */ = {
			isa = PBXTargetDependency;
			target = 78617C2D1E3F434A00CEC368 /* SHRichTextEditor */;
			targetProxy = 78617C431E3F434B00CEC368 /* PBXContainerItemProxy */;
		};
		78617C4F1E3F434B00CEC368 /* PBXTargetDependency */ = {
			isa = PBXTargetDependency;
			target = 78617C2D1E3F434A00CEC368 /* SHRichTextEditor */;
			targetProxy = 78617C4E1E3F434B00CEC368 /* PBXContainerItemProxy */;
		};
/* End PBXTargetDependency section */

/* Begin PBXVariantGroup section */
		78617C351E3F434A00CEC368 /* Main.storyboard */ = {
			isa = PBXVariantGroup;
			children = (
				78617C361E3F434A00CEC368 /* Base */,
			);
			name = Main.storyboard;
			sourceTree = "<group>";
		};
		78617C3A1E3F434A00CEC368 /* LaunchScreen.storyboard */ = {
			isa = PBXVariantGroup;
			children = (
				78617C3B1E3F434A00CEC368 /* Base */,
			);
			name = LaunchScreen.storyboard;
			sourceTree = "<group>";
		};
/* End PBXVariantGroup section */

/* Begin XCBuildConfiguration section */
		78617C541E3F434B00CEC368 /* Debug */ = {
			isa = XCBuildConfiguration;
			buildSettings = {
				ALWAYS_SEARCH_USER_PATHS = NO;
				CLANG_ANALYZER_NONNULL = YES;
				CLANG_CXX_LANGUAGE_STANDARD = "gnu++0x";
				CLANG_CXX_LIBRARY = "libc++";
				CLANG_ENABLE_MODULES = YES;
				CLANG_ENABLE_OBJC_ARC = YES;
				CLANG_WARN_BOOL_CONVERSION = YES;
				CLANG_WARN_CONSTANT_CONVERSION = YES;
				CLANG_WARN_DIRECT_OBJC_ISA_USAGE = YES_ERROR;
				CLANG_WARN_DOCUMENTATION_COMMENTS = YES;
				CLANG_WARN_EMPTY_BODY = YES;
				CLANG_WARN_ENUM_CONVERSION = YES;
				CLANG_WARN_INFINITE_RECURSION = YES;
				CLANG_WARN_INT_CONVERSION = YES;
				CLANG_WARN_OBJC_ROOT_CLASS = YES_ERROR;
				CLANG_WARN_SUSPICIOUS_MOVE = YES;
				CLANG_WARN_UNREACHABLE_CODE = YES;
				CLANG_WARN__DUPLICATE_METHOD_MATCH = YES;
				"CODE_SIGN_IDENTITY[sdk=iphoneos*]" = "iPhone Developer";
				COPY_PHASE_STRIP = NO;
				DEBUG_INFORMATION_FORMAT = dwarf;
				ENABLE_STRICT_OBJC_MSGSEND = YES;
				ENABLE_TESTABILITY = YES;
				GCC_C_LANGUAGE_STANDARD = gnu99;
				GCC_DYNAMIC_NO_PIC = NO;
				GCC_NO_COMMON_BLOCKS = YES;
				GCC_OPTIMIZATION_LEVEL = 0;
				GCC_PREPROCESSOR_DEFINITIONS = (
					"DEBUG=1",
					"$(inherited)",
				);
				GCC_WARN_64_TO_32_BIT_CONVERSION = YES;
				GCC_WARN_ABOUT_RETURN_TYPE = YES_ERROR;
				GCC_WARN_UNDECLARED_SELECTOR = YES;
				GCC_WARN_UNINITIALIZED_AUTOS = YES_AGGRESSIVE;
				GCC_WARN_UNUSED_FUNCTION = YES;
				GCC_WARN_UNUSED_VARIABLE = YES;
				IPHONEOS_DEPLOYMENT_TARGET = 10.2;
				MTL_ENABLE_DEBUG_INFO = YES;
				ONLY_ACTIVE_ARCH = YES;
				SDKROOT = iphoneos;
				SWIFT_ACTIVE_COMPILATION_CONDITIONS = DEBUG;
				SWIFT_OPTIMIZATION_LEVEL = "-Onone";
				TARGETED_DEVICE_FAMILY = "1,2";
			};
			name = Debug;
		};
		78617C551E3F434B00CEC368 /* Release */ = {
			isa = XCBuildConfiguration;
			buildSettings = {
				ALWAYS_SEARCH_USER_PATHS = NO;
				CLANG_ANALYZER_NONNULL = YES;
				CLANG_CXX_LANGUAGE_STANDARD = "gnu++0x";
				CLANG_CXX_LIBRARY = "libc++";
				CLANG_ENABLE_MODULES = YES;
				CLANG_ENABLE_OBJC_ARC = YES;
				CLANG_WARN_BOOL_CONVERSION = YES;
				CLANG_WARN_CONSTANT_CONVERSION = YES;
				CLANG_WARN_DIRECT_OBJC_ISA_USAGE = YES_ERROR;
				CLANG_WARN_DOCUMENTATION_COMMENTS = YES;
				CLANG_WARN_EMPTY_BODY = YES;
				CLANG_WARN_ENUM_CONVERSION = YES;
				CLANG_WARN_INFINITE_RECURSION = YES;
				CLANG_WARN_INT_CONVERSION = YES;
				CLANG_WARN_OBJC_ROOT_CLASS = YES_ERROR;
				CLANG_WARN_SUSPICIOUS_MOVE = YES;
				CLANG_WARN_UNREACHABLE_CODE = YES;
				CLANG_WARN__DUPLICATE_METHOD_MATCH = YES;
				"CODE_SIGN_IDENTITY[sdk=iphoneos*]" = "iPhone Developer";
				COPY_PHASE_STRIP = NO;
				DEBUG_INFORMATION_FORMAT = "dwarf-with-dsym";
				ENABLE_NS_ASSERTIONS = NO;
				ENABLE_STRICT_OBJC_MSGSEND = YES;
				GCC_C_LANGUAGE_STANDARD = gnu99;
				GCC_NO_COMMON_BLOCKS = YES;
				GCC_WARN_64_TO_32_BIT_CONVERSION = YES;
				GCC_WARN_ABOUT_RETURN_TYPE = YES_ERROR;
				GCC_WARN_UNDECLARED_SELECTOR = YES;
				GCC_WARN_UNINITIALIZED_AUTOS = YES_AGGRESSIVE;
				GCC_WARN_UNUSED_FUNCTION = YES;
				GCC_WARN_UNUSED_VARIABLE = YES;
				IPHONEOS_DEPLOYMENT_TARGET = 10.2;
				MTL_ENABLE_DEBUG_INFO = NO;
				SDKROOT = iphoneos;
				SWIFT_OPTIMIZATION_LEVEL = "-Owholemodule";
				TARGETED_DEVICE_FAMILY = "1,2";
				VALIDATE_PRODUCT = YES;
			};
			name = Release;
		};
		78617C571E3F434B00CEC368 /* Debug */ = {
			isa = XCBuildConfiguration;
			buildSettings = {
				ASSETCATALOG_COMPILER_APPICON_NAME = AppIcon;
				DEVELOPMENT_TEAM = HP3Q6K3LF3;
				INFOPLIST_FILE = SHRichTextEditor/Info.plist;
				LD_RUNPATH_SEARCH_PATHS = "$(inherited) @executable_path/Frameworks";
				PRODUCT_BUNDLE_IDENTIFIER = com.hsusmita.SHRichTextEditor;
				PRODUCT_NAME = "$(TARGET_NAME)";
				SWIFT_VERSION = 3.0;
			};
			name = Debug;
		};
		78617C581E3F434B00CEC368 /* Release */ = {
			isa = XCBuildConfiguration;
			buildSettings = {
				ASSETCATALOG_COMPILER_APPICON_NAME = AppIcon;
				DEVELOPMENT_TEAM = HP3Q6K3LF3;
				INFOPLIST_FILE = SHRichTextEditor/Info.plist;
				LD_RUNPATH_SEARCH_PATHS = "$(inherited) @executable_path/Frameworks";
				PRODUCT_BUNDLE_IDENTIFIER = com.hsusmita.SHRichTextEditor;
				PRODUCT_NAME = "$(TARGET_NAME)";
				SWIFT_VERSION = 3.0;
			};
			name = Release;
		};
		78617C5A1E3F434B00CEC368 /* Debug */ = {
			isa = XCBuildConfiguration;
			buildSettings = {
				ALWAYS_EMBED_SWIFT_STANDARD_LIBRARIES = YES;
				BUNDLE_LOADER = "$(TEST_HOST)";
				DEVELOPMENT_TEAM = HP3Q6K3LF3;
				INFOPLIST_FILE = SHRichTextEditorTests/Info.plist;
				LD_RUNPATH_SEARCH_PATHS = "$(inherited) @executable_path/Frameworks @loader_path/Frameworks";
				PRODUCT_BUNDLE_IDENTIFIER = com.hsusmita.SHRichTextEditorTests;
				PRODUCT_NAME = "$(TARGET_NAME)";
				SWIFT_VERSION = 3.0;
				TEST_HOST = "$(BUILT_PRODUCTS_DIR)/SHRichTextEditor.app/SHRichTextEditor";
			};
			name = Debug;
		};
		78617C5B1E3F434B00CEC368 /* Release */ = {
			isa = XCBuildConfiguration;
			buildSettings = {
				ALWAYS_EMBED_SWIFT_STANDARD_LIBRARIES = YES;
				BUNDLE_LOADER = "$(TEST_HOST)";
				DEVELOPMENT_TEAM = HP3Q6K3LF3;
				INFOPLIST_FILE = SHRichTextEditorTests/Info.plist;
				LD_RUNPATH_SEARCH_PATHS = "$(inherited) @executable_path/Frameworks @loader_path/Frameworks";
				PRODUCT_BUNDLE_IDENTIFIER = com.hsusmita.SHRichTextEditorTests;
				PRODUCT_NAME = "$(TARGET_NAME)";
				SWIFT_VERSION = 3.0;
				TEST_HOST = "$(BUILT_PRODUCTS_DIR)/SHRichTextEditor.app/SHRichTextEditor";
			};
			name = Release;
		};
		78617C5D1E3F434B00CEC368 /* Debug */ = {
			isa = XCBuildConfiguration;
			buildSettings = {
				ALWAYS_EMBED_SWIFT_STANDARD_LIBRARIES = YES;
				DEVELOPMENT_TEAM = HP3Q6K3LF3;
				INFOPLIST_FILE = SHRichTextEditorUITests/Info.plist;
				LD_RUNPATH_SEARCH_PATHS = "$(inherited) @executable_path/Frameworks @loader_path/Frameworks";
				PRODUCT_BUNDLE_IDENTIFIER = com.hsusmita.SHRichTextEditorUITests;
				PRODUCT_NAME = "$(TARGET_NAME)";
				SWIFT_VERSION = 3.0;
				TEST_TARGET_NAME = SHRichTextEditor;
			};
			name = Debug;
		};
		78617C5E1E3F434B00CEC368 /* Release */ = {
			isa = XCBuildConfiguration;
			buildSettings = {
				ALWAYS_EMBED_SWIFT_STANDARD_LIBRARIES = YES;
				DEVELOPMENT_TEAM = HP3Q6K3LF3;
				INFOPLIST_FILE = SHRichTextEditorUITests/Info.plist;
				LD_RUNPATH_SEARCH_PATHS = "$(inherited) @executable_path/Frameworks @loader_path/Frameworks";
				PRODUCT_BUNDLE_IDENTIFIER = com.hsusmita.SHRichTextEditorUITests;
				PRODUCT_NAME = "$(TARGET_NAME)";
				SWIFT_VERSION = 3.0;
				TEST_TARGET_NAME = SHRichTextEditor;
			};
			name = Release;
		};
/* End XCBuildConfiguration section */

/* Begin XCConfigurationList section */
		78617C291E3F434A00CEC368 /* Build configuration list for PBXProject "SHRichTextEditor" */ = {
			isa = XCConfigurationList;
			buildConfigurations = (
				78617C541E3F434B00CEC368 /* Debug */,
				78617C551E3F434B00CEC368 /* Release */,
			);
			defaultConfigurationIsVisible = 0;
			defaultConfigurationName = Release;
		};
		78617C561E3F434B00CEC368 /* Build configuration list for PBXNativeTarget "SHRichTextEditor" */ = {
			isa = XCConfigurationList;
			buildConfigurations = (
				78617C571E3F434B00CEC368 /* Debug */,
				78617C581E3F434B00CEC368 /* Release */,
			);
			defaultConfigurationIsVisible = 0;
			defaultConfigurationName = Release;
		};
		78617C591E3F434B00CEC368 /* Build configuration list for PBXNativeTarget "SHRichTextEditorTests" */ = {
			isa = XCConfigurationList;
			buildConfigurations = (
				78617C5A1E3F434B00CEC368 /* Debug */,
				78617C5B1E3F434B00CEC368 /* Release */,
			);
			defaultConfigurationIsVisible = 0;
			defaultConfigurationName = Release;
		};
		78617C5C1E3F434B00CEC368 /* Build configuration list for PBXNativeTarget "SHRichTextEditorUITests" */ = {
			isa = XCConfigurationList;
			buildConfigurations = (
				78617C5D1E3F434B00CEC368 /* Debug */,
				78617C5E1E3F434B00CEC368 /* Release */,
			);
			defaultConfigurationIsVisible = 0;
			defaultConfigurationName = Release;
		};
/* End XCConfigurationList section */
	};
	rootObject = 78617C261E3F434A00CEC368 /* Project object */;
}
